// !$*UTF8*$!
{
	archiveVersion = 1;
	classes = {
	};
	objectVersion = 50;
	objects = {

/* Begin PBXBuildFile section */
		CEEA4E542A693F8700F736E0 /* AppDelegate.swift in Sources */ = {isa = PBXBuildFile; fileRef = CEEA4E532A693F8700F736E0 /* AppDelegate.swift */; };
		CEEA4E562A693F8700F736E0 /* SceneDelegate.swift in Sources */ = {isa = PBXBuildFile; fileRef = CEEA4E552A693F8700F736E0 /* SceneDelegate.swift */; };
		CEEA4E582A693F8700F736E0 /* ContentView.swift in Sources */ = {isa = PBXBuildFile; fileRef = CEEA4E572A693F8700F736E0 /* ContentView.swift */; };
		CEEA4E5A2A69400500F736E0 /* Assets.xcassets in Resources */ = {isa = PBXBuildFile; fileRef = CEEA4E592A69400500F736E0 /* Assets.xcassets */; };
		CEEA4E5D2A69400500F736E0 /* Preview Assets.xcassets in Resources */ = {isa = PBXBuildFile; fileRef = CEEA4E5C2A69400500F736E0 /* Preview Assets.xcassets */; };
		CEEA4E602A69400500F736E0 /* LaunchScreen.storyboard in Resources */ = {isa = PBXBuildFile; fileRef = CEEA4E5E2A69400500F736E0 /* LaunchScreen.storyboard */; };
		CEEA4E6A2A6946AF00F736E0 /* Pacifico-Regular.ttf in Resources */ = {isa = PBXBuildFile; fileRef = CEEA4E692A6946AF00F736E0 /* Pacifico-Regular.ttf */; };
		CEEA4E6D2A69552000F736E0 /* InfoView.swift in Sources */ = {isa = PBXBuildFile; fileRef = CEEA4E6C2A69552000F736E0 /* InfoView.swift */; };
/* End PBXBuildFile section */

/* Begin PBXFileReference section */
		CEEA4E502A693F8700F736E0 /* DipaliCard.app */ = {isa = PBXFileReference; explicitFileType = wrapper.application; includeInIndex = 0; path = DipaliCard.app; sourceTree = BUILT_PRODUCTS_DIR; };
		CEEA4E532A693F8700F736E0 /* AppDelegate.swift */ = {isa = PBXFileReference; lastKnownFileType = sourcecode.swift; path = AppDelegate.swift; sourceTree = "<group>"; };
		CEEA4E552A693F8700F736E0 /* SceneDelegate.swift */ = {isa = PBXFileReference; lastKnownFileType = sourcecode.swift; path = SceneDelegate.swift; sourceTree = "<group>"; };
		CEEA4E572A693F8700F736E0 /* ContentView.swift */ = {isa = PBXFileReference; lastKnownFileType = sourcecode.swift; path = ContentView.swift; sourceTree = "<group>"; };
		CEEA4E592A69400500F736E0 /* Assets.xcassets */ = {isa = PBXFileReference; lastKnownFileType = folder.assetcatalog; path = Assets.xcassets; sourceTree = "<group>"; };
		CEEA4E5C2A69400500F736E0 /* Preview Assets.xcassets */ = {isa = PBXFileReference; lastKnownFileType = folder.assetcatalog; path = "Preview Assets.xcassets"; sourceTree = "<group>"; };
		CEEA4E5F2A69400500F736E0 /* Base */ = {isa = PBXFileReference; lastKnownFileType = file.storyboard; name = Base; path = Base.lproj/LaunchScreen.storyboard; sourceTree = "<group>"; };
		CEEA4E612A69400500F736E0 /* Info.plist */ = {isa = PBXFileReference; lastKnownFileType = text.plist.xml; path = Info.plist; sourceTree = "<group>"; };
		CEEA4E692A6946AF00F736E0 /* Pacifico-Regular.ttf */ = {isa = PBXFileReference; lastKnownFileType = file; path = "Pacifico-Regular.ttf"; sourceTree = "<group>"; };
		CEEA4E6C2A69552000F736E0 /* InfoView.swift */ = {isa = PBXFileReference; lastKnownFileType = sourcecode.swift; path = InfoView.swift; sourceTree = "<group>"; };
/* End PBXFileReference section */

/* Begin PBXFrameworksBuildPhase section */
		CEEA4E4D2A693F8700F736E0 /* Frameworks */ = {
			isa = PBXFrameworksBuildPhase;
			buildActionMask = 2147483647;
			files = (
			);
			runOnlyForDeploymentPostprocessing = 0;
		};
/* End PBXFrameworksBuildPhase section */

/* Begin PBXGroup section */
		CEEA4E472A693F8700F736E0 = {
			isa = PBXGroup;
			children = (
				CEEA4E522A693F8700F736E0 /* DipaliCard */,
				CEEA4E512A693F8700F736E0 /* Products */,
			);
			sourceTree = "<group>";
		};
		CEEA4E512A693F8700F736E0 /* Products */ = {
			isa = PBXGroup;
			children = (
				CEEA4E502A693F8700F736E0 /* DipaliCard.app */,
			);
			name = Products;
			sourceTree = "<group>";
		};
		CEEA4E522A693F8700F736E0 /* DipaliCard */ = {
			isa = PBXGroup;
			children = (
				CEEA4E682A69466B00F736E0 /* fonts */,
				CEEA4E532A693F8700F736E0 /* AppDelegate.swift */,
				CEEA4E552A693F8700F736E0 /* SceneDelegate.swift */,
				CEEA4E572A693F8700F736E0 /* ContentView.swift */,
				CEEA4E6C2A69552000F736E0 /* InfoView.swift */,
				CEEA4E592A69400500F736E0 /* Assets.xcassets */,
				CEEA4E5E2A69400500F736E0 /* LaunchScreen.storyboard */,
				CEEA4E612A69400500F736E0 /* Info.plist */,
				CEEA4E5B2A69400500F736E0 /* Preview Content */,
			);
			path = DipaliCard;
			sourceTree = "<group>";
		};
		CEEA4E5B2A69400500F736E0 /* Preview Content */ = {
			isa = PBXGroup;
			children = (
				CEEA4E5C2A69400500F736E0 /* Preview Assets.xcassets */,
			);
			path = "Preview Content";
			sourceTree = "<group>";
		};
		CEEA4E682A69466B00F736E0 /* fonts */ = {
			isa = PBXGroup;
			children = (
				CEEA4E692A6946AF00F736E0 /* Pacifico-Regular.ttf */,
			);
			path = fonts;
			sourceTree = "<group>";
		};
/* End PBXGroup section */

/* Begin PBXNativeTarget section */
		CEEA4E4F2A693F8700F736E0 /* DipaliCard */ = {
			isa = PBXNativeTarget;
			buildConfigurationList = CEEA4E642A69400500F736E0 /* Build configuration list for PBXNativeTarget "DipaliCard" */;
			buildPhases = (
				CEEA4E4C2A693F8700F736E0 /* Sources */,
				CEEA4E4D2A693F8700F736E0 /* Frameworks */,
				CEEA4E4E2A693F8700F736E0 /* Resources */,
			);
			buildRules = (
			);
			dependencies = (
			);
			name = DipaliCard;
			productName = DipaliCard;
			productReference = CEEA4E502A693F8700F736E0 /* DipaliCard.app */;
			productType = "com.apple.product-type.application";
		};
/* End PBXNativeTarget section */

/* Begin PBXProject section */
		CEEA4E482A693F8700F736E0 /* Project object */ = {
			isa = PBXProject;
			attributes = {
				LastSwiftUpdateCheck = 1240;
				LastUpgradeCheck = 1240;
				TargetAttributes = {
					CEEA4E4F2A693F8700F736E0 = {
						CreatedOnToolsVersion = 12.4;
					};
				};
			};
			buildConfigurationList = CEEA4E4B2A693F8700F736E0 /* Build configuration list for PBXProject "DipaliCard" */;
			compatibilityVersion = "Xcode 9.3";
			developmentRegion = en;
			hasScannedForEncodings = 0;
			knownRegions = (
				en,
				Base,
			);
			mainGroup = CEEA4E472A693F8700F736E0;
			productRefGroup = CEEA4E512A693F8700F736E0 /* Products */;
			projectDirPath = "";
			projectRoot = "";
			targets = (
				CEEA4E4F2A693F8700F736E0 /* DipaliCard */,
			);
		};
/* End PBXProject section */

/* Begin PBXResourcesBuildPhase section */
		CEEA4E4E2A693F8700F736E0 /* Resources */ = {
			isa = PBXResourcesBuildPhase;
			buildActionMask = 2147483647;
			files = (
				CEEA4E602A69400500F736E0 /* LaunchScreen.storyboard in Resources */,
				CEEA4E6A2A6946AF00F736E0 /* Pacifico-Regular.ttf in Resources */,
				CEEA4E5D2A69400500F736E0 /* Preview Assets.xcassets in Resources */,
				CEEA4E5A2A69400500F736E0 /* Assets.xcassets in Resources */,
			);
			runOnlyForDeploymentPostprocessing = 0;
		};
/* End PBXResourcesBuildPhase section */

/* Begin PBXSourcesBuildPhase section */
		CEEA4E4C2A693F8700F736E0 /* Sources */ = {
			isa = PBXSourcesBuildPhase;
			buildActionMask = 2147483647;
			files = (
				CEEA4E6D2A69552000F736E0 /* InfoView.swift in Sources */,
				CEEA4E542A693F8700F736E0 /* AppDelegate.swift in Sources */,
				CEEA4E562A693F8700F736E0 /* SceneDelegate.swift in Sources */,
				CEEA4E582A693F8700F736E0 /* ContentView.swift in Sources */,
			);
			runOnlyForDeploymentPostprocessing = 0;
		};
/* End PBXSourcesBuildPhase section */

/* Begin PBXVariantGroup section */
		CEEA4E5E2A69400500F736E0 /* LaunchScreen.storyboard */ = {
			isa = PBXVariantGroup;
			children = (
				CEEA4E5F2A69400500F736E0 /* Base */,
			);
			name = LaunchScreen.storyboard;
			sourceTree = "<group>";
		};
/* End PBXVariantGroup section */

/* Begin XCBuildConfiguration section */
		CEEA4E622A69400500F736E0 /* Debug */ = {
			isa = XCBuildConfiguration;
			buildSettings = {
				ALWAYS_SEARCH_USER_PATHS = NO;
				CLANG_ANALYZER_NONNULL = YES;
				CLANG_ANALYZER_NUMBER_OBJECT_CONVERSION = YES_AGGRESSIVE;
				CLANG_CXX_LANGUAGE_STANDARD = "gnu++14";
				CLANG_CXX_LIBRARY = "libc++";
				CLANG_ENABLE_MODULES = YES;
				CLANG_ENABLE_OBJC_ARC = YES;
				CLANG_ENABLE_OBJC_WEAK = YES;
				CLANG_WARN_BLOCK_CAPTURE_AUTORELEASING = YES;
				CLANG_WARN_BOOL_CONVERSION = YES;
				CLANG_WARN_COMMA = YES;
				CLANG_WARN_CONSTANT_CONVERSION = YES;
				CLANG_WARN_DEPRECATED_OBJC_IMPLEMENTATIONS = YES;
				CLANG_WARN_DIRECT_OBJC_ISA_USAGE = YES_ERROR;
				CLANG_WARN_DOCUMENTATION_COMMENTS = YES;
				CLANG_WARN_EMPTY_BODY = YES;
				CLANG_WARN_ENUM_CONVERSION = YES;
				CLANG_WARN_INFINITE_RECURSION = YES;
				CLANG_WARN_INT_CONVERSION = YES;
				CLANG_WARN_NON_LITERAL_NULL_CONVERSION = YES;
				CLANG_WARN_OBJC_IMPLICIT_RETAIN_SELF = YES;
				CLANG_WARN_OBJC_LITERAL_CONVERSION = YES;
				CLANG_WARN_OBJC_ROOT_CLASS = YES_ERROR;
				CLANG_WARN_QUOTED_INCLUDE_IN_FRAMEWORK_HEADER = YES;
				CLANG_WARN_RANGE_LOOP_ANALYSIS = YES;
				CLANG_WARN_STRICT_PROTOTYPES = YES;
				CLANG_WARN_SUSPICIOUS_MOVE = YES;
				CLANG_WARN_UNGUARDED_AVAILABILITY = YES_AGGRESSIVE;
				CLANG_WARN_UNREACHABLE_CODE = YES;
				CLANG_WARN__DUPLICATE_METHOD_MATCH = YES;
				COPY_PHASE_STRIP = NO;
				DEBUG_INFORMATION_FORMAT = dwarf;
				ENABLE_STRICT_OBJC_MSGSEND = YES;
				ENABLE_TESTABILITY = YES;
				GCC_C_LANGUAGE_STANDARD = gnu11;
				GCC_DYNAMIC_NO_PIC = NO;
				GCC_NO_COMMON_BLOCKS = YES;
				GCC_OPTIMIZATION_LEVEL = 0;
				GCC_PREPROCESSOR_DEFINITIONS = (
					"DEBUG=1",
					"$(inherited)",
				);
				GCC_WARN_64_TO_32_BIT_CONVERSION = YES;
				GCC_WARN_ABOUT_RETURN_TYPE = YES_ERROR;
				GCC_WARN_UNDECLARED_SELECTOR = YES;
				GCC_WARN_UNINITIALIZED_AUTOS = YES_AGGRESSIVE;
				GCC_WARN_UNUSED_FUNCTION = YES;
				GCC_WARN_UNUSED_VARIABLE = YES;
				IPHONEOS_DEPLOYMENT_TARGET = 14.4;
				MTL_ENABLE_DEBUG_INFO = INCLUDE_SOURCE;
				MTL_FAST_MATH = YES;
				ONLY_ACTIVE_ARCH = YES;
				SDKROOT = iphoneos;
				SWIFT_ACTIVE_COMPILATION_CONDITIONS = DEBUG;
				SWIFT_OPTIMIZATION_LEVEL = "-Onone";
			};
			name = Debug;
		};
		CEEA4E632A69400500F736E0 /* Release */ = {
			isa = XCBuildConfiguration;
			buildSettings = {
				ALWAYS_SEARCH_USER_PATHS = NO;
				CLANG_ANALYZER_NONNULL = YES;
				CLANG_ANALYZER_NUMBER_OBJECT_CONVERSION = YES_AGGRESSIVE;
				CLANG_CXX_LANGUAGE_STANDARD = "gnu++14";
				CLANG_CXX_LIBRARY = "libc++";
				CLANG_ENABLE_MODULES = YES;
				CLANG_ENABLE_OBJC_ARC = YES;
				CLANG_ENABLE_OBJC_WEAK = YES;
				CLANG_WARN_BLOCK_CAPTURE_AUTORELEASING = YES;
				CLANG_WARN_BOOL_CONVERSION = YES;
				CLANG_WARN_COMMA = YES;
				CLANG_WARN_CONSTANT_CONVERSION = YES;
				CLANG_WARN_DEPRECATED_OBJC_IMPLEMENTATIONS = YES;
				CLANG_WARN_DIRECT_OBJC_ISA_USAGE = YES_ERROR;
				CLANG_WARN_DOCUMENTATION_COMMENTS = YES;
				CLANG_WARN_EMPTY_BODY = YES;
				CLANG_WARN_ENUM_CONVERSION = YES;
				CLANG_WARN_INFINITE_RECURSION = YES;
				CLANG_WARN_INT_CONVERSION = YES;
				CLANG_WARN_NON_LITERAL_NULL_CONVERSION = YES;
				CLANG_WARN_OBJC_IMPLICIT_RETAIN_SELF = YES;
				CLANG_WARN_OBJC_LITERAL_CONVERSION = YES;
				CLANG_WARN_OBJC_ROOT_CLASS = YES_ERROR;
				CLANG_WARN_QUOTED_INCLUDE_IN_FRAMEWORK_HEADER = YES;
				CLANG_WARN_RANGE_LOOP_ANALYSIS = YES;
				CLANG_WARN_STRICT_PROTOTYPES = YES;
				CLANG_WARN_SUSPICIOUS_MOVE = YES;
				CLANG_WARN_UNGUARDED_AVAILABILITY = YES_AGGRESSIVE;
				CLANG_WARN_UNREACHABLE_CODE = YES;
				CLANG_WARN__DUPLICATE_METHOD_MATCH = YES;
				COPY_PHASE_STRIP = NO;
				DEBUG_INFORMATION_FORMAT = "dwarf-with-dsym";
				ENABLE_NS_ASSERTIONS = NO;
				ENABLE_STRICT_OBJC_MSGSEND = YES;
				GCC_C_LANGUAGE_STANDARD = gnu11;
				GCC_NO_COMMON_BLOCKS = YES;
				GCC_WARN_64_TO_32_BIT_CONVERSION = YES;
				GCC_WARN_ABOUT_RETURN_TYPE = YES_ERROR;
				GCC_WARN_UNDECLARED_SELECTOR = YES;
				GCC_WARN_UNINITIALIZED_AUTOS = YES_AGGRESSIVE;
				GCC_WARN_UNUSED_FUNCTION = YES;
				GCC_WARN_UNUSED_VARIABLE = YES;
				IPHONEOS_DEPLOYMENT_TARGET = 14.4;
				MTL_ENABLE_DEBUG_INFO = NO;
				MTL_FAST_MATH = YES;
				SDKROOT = iphoneos;
				SWIFT_COMPILATION_MODE = wholemodule;
				SWIFT_OPTIMIZATION_LEVEL = "-O";
				VALIDATE_PRODUCT = YES;
			};
			name = Release;
		};
		CEEA4E652A69400500F736E0 /* Debug */ = {
			isa = XCBuildConfiguration;
			buildSettings = {
				ASSETCATALOG_COMPILER_APPICON_NAME = AppIcon;
				ASSETCATALOG_COMPILER_GLOBAL_ACCENT_COLOR_NAME = AccentColor;
				CODE_SIGN_STYLE = Automatic;
				DEVELOPMENT_ASSET_PATHS = "\"DipaliCard/Preview Content\"";
				ENABLE_PREVIEWS = YES;
				INFOPLIST_FILE = DipaliCard/Info.plist;
				LD_RUNPATH_SEARCH_PATHS = (
					"$(inherited)",
					"@executable_path/Frameworks",
				);
				PRODUCT_BUNDLE_IDENTIFIER = com.ranjit.DipaliCard;
				PRODUCT_NAME = "$(TARGET_NAME)";
				SWIFT_VERSION = 5.0;
				TARGETED_DEVICE_FAMILY = "1,2";
			};
			name = Debug;
		};
		CEEA4E662A69400500F736E0 /* Release */ = {
			isa = XCBuildConfiguration;
			buildSettings = {
				ASSETCATALOG_COMPILER_APPICON_NAME = AppIcon;
				ASSETCATALOG_COMPILER_GLOBAL_ACCENT_COLOR_NAME = AccentColor;
				CODE_SIGN_STYLE = Automatic;
				DEVELOPMENT_ASSET_PATHS = "\"DipaliCard/Preview Content\"";
				ENABLE_PREVIEWS = YES;
				INFOPLIST_FILE = DipaliCard/Info.plist;
				LD_RUNPATH_SEARCH_PATHS = (
					"$(inherited)",
					"@executable_path/Frameworks",
				);
				PRODUCT_BUNDLE_IDENTIFIER = com.ranjit.DipaliCard;
				PRODUCT_NAME = "$(TARGET_NAME)";
				SWIFT_VERSION = 5.0;
				TARGETED_DEVICE_FAMILY = "1,2";
			};
			name = Release;
		};
/* End XCBuildConfiguration section */

/* Begin XCConfigurationList section */
		CEEA4E4B2A693F8700F736E0 /* Build configuration list for PBXProject "DipaliCard" */ = {
			isa = XCConfigurationList;
			buildConfigurations = (
				CEEA4E622A69400500F736E0 /* Debug */,
				CEEA4E632A69400500F736E0 /* Release */,
			);
			defaultConfigurationIsVisible = 0;
			defaultConfigurationName = Release;
		};
		CEEA4E642A69400500F736E0 /* Build configuration list for PBXNativeTarget "DipaliCard" */ = {
			isa = XCConfigurationList;
			buildConfigurations = (
				CEEA4E652A69400500F736E0 /* Debug */,
				CEEA4E662A69400500F736E0 /* Release */,
			);
			defaultConfigurationIsVisible = 0;
			defaultConfigurationName = Release;
		};
/* End XCConfigurationList section */
	};
	rootObject = CEEA4E482A693F8700F736E0 /* Project object */;
}
